
Microsoft Visual Studio Solution File, Format Version 12.00
# Visual Studio Version 17
VisualStudioVersion = 17.11.35303.130
MinimumVisualStudioVersion = 10.0.40219.1
Project("{FAE04EC0-301F-11D3-BF4B-00C04F79EFBC}") = "EmployeeApp", "EmployeeApp\EmployeeApp.csproj", "{74F87570-492D-4E75-95FB-E356F2C0453A}"
EndProject
Global
	GlobalSection(SolutionConfigurationPlatforms) = preSolution
		Debug|Any CPU = Debug|Any CPU
		Release|Any CPU = Release|Any CPU
	EndGlobalSection
	GlobalSection(ProjectConfigurationPlatforms) = postSolution
		{74F87570-492D-4E75-95FB-E356F2C0453A}.Debug|Any CPU.ActiveCfg = Debug|Any CPU
		{74F87570-492D-4E75-95FB-E356F2C0453A}.Debug|Any CPU.Build.0 = Debug|Any CPU
		{74F87570-492D-4E75-95FB-E356F2C0453A}.Release|Any CPU.ActiveCfg = Release|Any CPU
		{74F87570-492D-4E75-95FB-E356F2C0453A}.Release|Any CPU.Build.0 = Release|Any CPU
	EndGlobalSection
	GlobalSection(SolutionProperties) = preSolution
		HideSolutionNode = FALSE
	EndGlobalSection
	GlobalSection(ExtensibilityGlobals) = postSolution
		SolutionGuid = {866FB650-ED90-40B5-8C15-56E3D715EDC6}
	EndGlobalSection
EndGlobal
